
Microsoft Visual Studio Solution File, Format Version 12.00
# Visual Studio Version 17
VisualStudioVersion = 17.4.33020.496
MinimumVisualStudioVersion = 10.0.40219.1
Project("{FAE04EC0-301F-11D3-BF4B-00C04F79EFBC}") = "sso-bpn-netf-smpl", "sso-bpn-netf-smpl\sso-bpn-netf-smpl.csproj", "{9BCA9175-D605-405A-A51E-5E2F315FF1C3}"
EndProject
Global
	GlobalSection(SolutionConfigurationPlatforms) = preSolution
		Debug|Any CPU = Debug|Any CPU
		Release|Any CPU = Release|Any CPU
	EndGlobalSection
	GlobalSection(ProjectConfigurationPlatforms) = postSolution
		{9BCA9175-D605-405A-A51E-5E2F315FF1C3}.Debug|Any CPU.ActiveCfg = Debug|Any CPU
		{9BCA9175-D605-405A-A51E-5E2F315FF1C3}.Debug|Any CPU.Build.0 = Debug|Any CPU
		{9BCA9175-D605-405A-A51E-5E2F315FF1C3}.Release|Any CPU.ActiveCfg = Release|Any CPU
		{9BCA9175-D605-405A-A51E-5E2F315FF1C3}.Release|Any CPU.Build.0 = Release|Any CPU
	EndGlobalSection
	GlobalSection(SolutionProperties) = preSolution
		HideSolutionNode = FALSE
	EndGlobalSection
	GlobalSection(ExtensibilityGlobals) = postSolution
		SolutionGuid = {FBD61C2F-1901-49BC-AE1B-FA8787A86BF9}
	EndGlobalSection
EndGlobal
